
Microsoft Visual Studio Solution File, Format Version 12.00
# Visual Studio Version 17
VisualStudioVersion = 17.8.34902.127
MinimumVisualStudioVersion = 10.0.40219.1
Project("{9A19103F-16F7-4668-BE54-9A1E7A4F7556}") = "HelloCS", "HelloCS.csproj", "{0B42750D-B69C-4A0B-BE51-1886E3CC9D54}"
EndProject
Project("{FAE04EC0-301F-11D3-BF4B-00C04F79EFBC}") = "AboutMyEnvironment", "..\AboutMyEnvironment\AboutMyEnvironment.csproj", "{33DA48B4-C315-4AD3-83D5-DF39B433E29A}"
EndProject
Global
	GlobalSection(SolutionConfigurationPlatforms) = preSolution
		Debug|Any CPU = Debug|Any CPU
		Release|Any CPU = Release|Any CPU
	EndGlobalSection
	GlobalSection(ProjectConfigurationPlatforms) = postSolution
		{0B42750D-B69C-4A0B-BE51-1886E3CC9D54}.Debug|Any CPU.ActiveCfg = Debug|Any CPU
		{0B42750D-B69C-4A0B-BE51-1886E3CC9D54}.Debug|Any CPU.Build.0 = Debug|Any CPU
		{0B42750D-B69C-4A0B-BE51-1886E3CC9D54}.Release|Any CPU.ActiveCfg = Release|Any CPU
		{0B42750D-B69C-4A0B-BE51-1886E3CC9D54}.Release|Any CPU.Build.0 = Release|Any CPU
		{33DA48B4-C315-4AD3-83D5-DF39B433E29A}.Debug|Any CPU.ActiveCfg = Debug|Any CPU
		{33DA48B4-C315-4AD3-83D5-DF39B433E29A}.Debug|Any CPU.Build.0 = Debug|Any CPU
		{33DA48B4-C315-4AD3-83D5-DF39B433E29A}.Release|Any CPU.ActiveCfg = Release|Any CPU
		{33DA48B4-C315-4AD3-83D5-DF39B433E29A}.Release|Any CPU.Build.0 = Release|Any CPU
	EndGlobalSection
	GlobalSection(SolutionProperties) = preSolution
		HideSolutionNode = FALSE
	EndGlobalSection
	GlobalSection(ExtensibilityGlobals) = postSolution
		SolutionGuid = {4FC52C3A-9CE1-46D1-84B4-84C8406D06B1}
	EndGlobalSection
EndGlobal
